// !$*UTF8*$!
{
	archiveVersion = 1;
	classes = {
	};
	objectVersion = 46;
	objects = {

/* Begin PBXBuildFile section */
		6C97E9901A6CD3CD006C6F29 /* AppDelegate.swift in Sources */ = {isa = PBXBuildFile; fileRef = 6C97E98F1A6CD3CD006C6F29 /* AppDelegate.swift */; };
		6C97E9931A6CD3CD006C6F29 /* iCDFI.xcdatamodeld in Sources */ = {isa = PBXBuildFile; fileRef = 6C97E9911A6CD3CD006C6F29 /* iCDFI.xcdatamodeld */; };
		6C97E9951A6CD3CD006C6F29 /* ViewController.swift in Sources */ = {isa = PBXBuildFile; fileRef = 6C97E9941A6CD3CD006C6F29 /* ViewController.swift */; };
		6C97E9981A6CD3CD006C6F29 /* Main.storyboard in Resources */ = {isa = PBXBuildFile; fileRef = 6C97E9961A6CD3CD006C6F29 /* Main.storyboard */; };
		6C97E99A1A6CD3CD006C6F29 /* Images.xcassets in Resources */ = {isa = PBXBuildFile; fileRef = 6C97E9991A6CD3CD006C6F29 /* Images.xcassets */; };
		6C97E99D1A6CD3CD006C6F29 /* LaunchScreen.xib in Resources */ = {isa = PBXBuildFile; fileRef = 6C97E99B1A6CD3CD006C6F29 /* LaunchScreen.xib */; };
		6C97E9A91A6CD3CD006C6F29 /* iCDFITests.swift in Sources */ = {isa = PBXBuildFile; fileRef = 6C97E9A81A6CD3CD006C6F29 /* iCDFITests.swift */; };
/* End PBXBuildFile section */

/* Begin PBXContainerItemProxy section */
		6C97E9A31A6CD3CD006C6F29 /* PBXContainerItemProxy */ = {
			isa = PBXContainerItemProxy;
			containerPortal = 6C97E9821A6CD3CD006C6F29 /* Project object */;
			proxyType = 1;
			remoteGlobalIDString = 6C97E9891A6CD3CD006C6F29;
			remoteInfo = iCDFI;
		};
/* End PBXContainerItemProxy section */

/* Begin PBXFileReference section */
		6C97E98A1A6CD3CD006C6F29 /* iCDFI.app */ = {isa = PBXFileReference; explicitFileType = wrapper.application; includeInIndex = 0; path = iCDFI.app; sourceTree = BUILT_PRODUCTS_DIR; };
		6C97E98E1A6CD3CD006C6F29 /* Info.plist */ = {isa = PBXFileReference; lastKnownFileType = text.plist.xml; path = Info.plist; sourceTree = "<group>"; };
		6C97E98F1A6CD3CD006C6F29 /* AppDelegate.swift */ = {isa = PBXFileReference; lastKnownFileType = sourcecode.swift; path = AppDelegate.swift; sourceTree = "<group>"; };
		6C97E9921A6CD3CD006C6F29 /* iCDFI.xcdatamodel */ = {isa = PBXFileReference; lastKnownFileType = wrapper.xcdatamodel; path = iCDFI.xcdatamodel; sourceTree = "<group>"; };
		6C97E9941A6CD3CD006C6F29 /* ViewController.swift */ = {isa = PBXFileReference; lastKnownFileType = sourcecode.swift; path = ViewController.swift; sourceTree = "<group>"; };
		6C97E9971A6CD3CD006C6F29 /* Base */ = {isa = PBXFileReference; lastKnownFileType = file.storyboard; name = Base; path = Base.lproj/Main.storyboard; sourceTree = "<group>"; };
		6C97E9991A6CD3CD006C6F29 /* Images.xcassets */ = {isa = PBXFileReference; lastKnownFileType = folder.assetcatalog; path = Images.xcassets; sourceTree = "<group>"; };
		6C97E99C1A6CD3CD006C6F29 /* Base */ = {isa = PBXFileReference; lastKnownFileType = file.xib; name = Base; path = Base.lproj/LaunchScreen.xib; sourceTree = "<group>"; };
		6C97E9A21A6CD3CD006C6F29 /* iCDFITests.xctest */ = {isa = PBXFileReference; explicitFileType = wrapper.cfbundle; includeInIndex = 0; path = iCDFITests.xctest; sourceTree = BUILT_PRODUCTS_DIR; };
		6C97E9A71A6CD3CD006C6F29 /* Info.plist */ = {isa = PBXFileReference; lastKnownFileType = text.plist.xml; path = Info.plist; sourceTree = "<group>"; };
		6C97E9A81A6CD3CD006C6F29 /* iCDFITests.swift */ = {isa = PBXFileReference; lastKnownFileType = sourcecode.swift; path = iCDFITests.swift; sourceTree = "<group>"; };
/* End PBXFileReference section */

/* Begin PBXFrameworksBuildPhase section */
		6C97E9871A6CD3CD006C6F29 /* Frameworks */ = {
			isa = PBXFrameworksBuildPhase;
			buildActionMask = 2147483647;
			files = (
			);
			runOnlyForDeploymentPostprocessing = 0;
		};
		6C97E99F1A6CD3CD006C6F29 /* Frameworks */ = {
			isa = PBXFrameworksBuildPhase;
			buildActionMask = 2147483647;
			files = (
			);
			runOnlyForDeploymentPostprocessing = 0;
		};
/* End PBXFrameworksBuildPhase section */

/* Begin PBXGroup section */
		6C97E9811A6CD3CD006C6F29 = {
			isa = PBXGroup;
			children = (
				6C97E98C1A6CD3CD006C6F29 /* iCDFI */,
				6C97E9A51A6CD3CD006C6F29 /* iCDFITests */,
				6C97E98B1A6CD3CD006C6F29 /* Products */,
			);
			sourceTree = "<group>";
		};
		6C97E98B1A6CD3CD006C6F29 /* Products */ = {
			isa = PBXGroup;
			children = (
				6C97E98A1A6CD3CD006C6F29 /* iCDFI.app */,
				6C97E9A21A6CD3CD006C6F29 /* iCDFITests.xctest */,
			);
			name = Products;
			sourceTree = "<group>";
		};
		6C97E98C1A6CD3CD006C6F29 /* iCDFI */ = {
			isa = PBXGroup;
			children = (
				6C97E98F1A6CD3CD006C6F29 /* AppDelegate.swift */,
				6C97E9941A6CD3CD006C6F29 /* ViewController.swift */,
				6C97E9961A6CD3CD006C6F29 /* Main.storyboard */,
				6C97E9991A6CD3CD006C6F29 /* Images.xcassets */,
				6C97E99B1A6CD3CD006C6F29 /* LaunchScreen.xib */,
				6C97E9911A6CD3CD006C6F29 /* iCDFI.xcdatamodeld */,
				6C97E98D1A6CD3CD006C6F29 /* Supporting Files */,
			);
			path = iCDFI;
			sourceTree = "<group>";
		};
		6C97E98D1A6CD3CD006C6F29 /* Supporting Files */ = {
			isa = PBXGroup;
			children = (
				6C97E98E1A6CD3CD006C6F29 /* Info.plist */,
			);
			name = "Supporting Files";
			sourceTree = "<group>";
		};
		6C97E9A51A6CD3CD006C6F29 /* iCDFITests */ = {
			isa = PBXGroup;
			children = (
				6C97E9A81A6CD3CD006C6F29 /* iCDFITests.swift */,
				6C97E9A61A6CD3CD006C6F29 /* Supporting Files */,
			);
			path = iCDFITests;
			sourceTree = "<group>";
		};
		6C97E9A61A6CD3CD006C6F29 /* Supporting Files */ = {
			isa = PBXGroup;
			children = (
				6C97E9A71A6CD3CD006C6F29 /* Info.plist */,
			);
			name = "Supporting Files";
			sourceTree = "<group>";
		};
/* End PBXGroup section */

/* Begin PBXNativeTarget section */
		6C97E9891A6CD3CD006C6F29 /* iCDFI */ = {
			isa = PBXNativeTarget;
			buildConfigurationList = 6C97E9AC1A6CD3CD006C6F29 /* Build configuration list for PBXNativeTarget "iCDFI" */;
			buildPhases = (
				6C97E9861A6CD3CD006C6F29 /* Sources */,
				6C97E9871A6CD3CD006C6F29 /* Frameworks */,
				6C97E9881A6CD3CD006C6F29 /* Resources */,
			);
			buildRules = (
			);
			dependencies = (
			);
			name = iCDFI;
			productName = iCDFI;
			productReference = 6C97E98A1A6CD3CD006C6F29 /* iCDFI.app */;
			productType = "com.apple.product-type.application";
		};
		6C97E9A11A6CD3CD006C6F29 /* iCDFITests */ = {
			isa = PBXNativeTarget;
			buildConfigurationList = 6C97E9AF1A6CD3CD006C6F29 /* Build configuration list for PBXNativeTarget "iCDFITests" */;
			buildPhases = (
				6C97E99E1A6CD3CD006C6F29 /* Sources */,
				6C97E99F1A6CD3CD006C6F29 /* Frameworks */,
				6C97E9A01A6CD3CD006C6F29 /* Resources */,
			);
			buildRules = (
			);
			dependencies = (
				6C97E9A41A6CD3CD006C6F29 /* PBXTargetDependency */,
			);
			name = iCDFITests;
			productName = iCDFITests;
			productReference = 6C97E9A21A6CD3CD006C6F29 /* iCDFITests.xctest */;
			productType = "com.apple.product-type.bundle.unit-test";
		};
/* End PBXNativeTarget section */

/* Begin PBXProject section */
		6C97E9821A6CD3CD006C6F29 /* Project object */ = {
			isa = PBXProject;
			attributes = {
				LastUpgradeCheck = 0610;
				ORGANIZATIONNAME = "Francisco Javier López Riojas";
				TargetAttributes = {
					6C97E9891A6CD3CD006C6F29 = {
						CreatedOnToolsVersion = 6.1;
					};
					6C97E9A11A6CD3CD006C6F29 = {
						CreatedOnToolsVersion = 6.1;
						TestTargetID = 6C97E9891A6CD3CD006C6F29;
					};
				};
			};
			buildConfigurationList = 6C97E9851A6CD3CD006C6F29 /* Build configuration list for PBXProject "iCDFI" */;
			compatibilityVersion = "Xcode 3.2";
			developmentRegion = English;
			hasScannedForEncodings = 0;
			knownRegions = (
				en,
				Base,
			);
			mainGroup = 6C97E9811A6CD3CD006C6F29;
			productRefGroup = 6C97E98B1A6CD3CD006C6F29 /* Products */;
			projectDirPath = "";
			projectRoot = "";
			targets = (
				6C97E9891A6CD3CD006C6F29 /* iCDFI */,
				6C97E9A11A6CD3CD006C6F29 /* iCDFITests */,
			);
		};
/* End PBXProject section */

/* Begin PBXResourcesBuildPhase section */
		6C97E9881A6CD3CD006C6F29 /* Resources */ = {
			isa = PBXResourcesBuildPhase;
			buildActionMask = 2147483647;
			files = (
				6C97E9981A6CD3CD006C6F29 /* Main.storyboard in Resources */,
				6C97E99D1A6CD3CD006C6F29 /* LaunchScreen.xib in Resources */,
				6C97E99A1A6CD3CD006C6F29 /* Images.xcassets in Resources */,
			);
			runOnlyForDeploymentPostprocessing = 0;
		};
		6C97E9A01A6CD3CD006C6F29 /* Resources */ = {
			isa = PBXResourcesBuildPhase;
			buildActionMask = 2147483647;
			files = (
			);
			runOnlyForDeploymentPostprocessing = 0;
		};
/* End PBXResourcesBuildPhase section */

/* Begin PBXSourcesBuildPhase section */
		6C97E9861A6CD3CD006C6F29 /* Sources */ = {
			isa = PBXSourcesBuildPhase;
			buildActionMask = 2147483647;
			files = (
				6C97E9951A6CD3CD006C6F29 /* ViewController.swift in Sources */,
				6C97E9901A6CD3CD006C6F29 /* AppDelegate.swift in Sources */,
				6C97E9931A6CD3CD006C6F29 /* iCDFI.xcdatamodeld in Sources */,
			);
			runOnlyForDeploymentPostprocessing = 0;
		};
		6C97E99E1A6CD3CD006C6F29 /* Sources */ = {
			isa = PBXSourcesBuildPhase;
			buildActionMask = 2147483647;
			files = (
				6C97E9A91A6CD3CD006C6F29 /* iCDFITests.swift in Sources */,
			);
			runOnlyForDeploymentPostprocessing = 0;
		};
/* End PBXSourcesBuildPhase section */

/* Begin PBXTargetDependency section */
		6C97E9A41A6CD3CD006C6F29 /* PBXTargetDependency */ = {
			isa = PBXTargetDependency;
			target = 6C97E9891A6CD3CD006C6F29 /* iCDFI */;
			targetProxy = 6C97E9A31A6CD3CD006C6F29 /* PBXContainerItemProxy */;
		};
/* End PBXTargetDependency section */

/* Begin PBXVariantGroup section */
		6C97E9961A6CD3CD006C6F29 /* Main.storyboard */ = {
			isa = PBXVariantGroup;
			children = (
				6C97E9971A6CD3CD006C6F29 /* Base */,
			);
			name = Main.storyboard;
			sourceTree = "<group>";
		};
		6C97E99B1A6CD3CD006C6F29 /* LaunchScreen.xib */ = {
			isa = PBXVariantGroup;
			children = (
				6C97E99C1A6CD3CD006C6F29 /* Base */,
			);
			name = LaunchScreen.xib;
			sourceTree = "<group>";
		};
/* End PBXVariantGroup section */

/* Begin XCBuildConfiguration section */
		6C97E9AA1A6CD3CD006C6F29 /* Debug */ = {
			isa = XCBuildConfiguration;
			buildSettings = {
				ALWAYS_SEARCH_USER_PATHS = NO;
				CLANG_CXX_LANGUAGE_STANDARD = "gnu++0x";
				CLANG_CXX_LIBRARY = "libc++";
				CLANG_ENABLE_MODULES = YES;
				CLANG_ENABLE_OBJC_ARC = YES;
				CLANG_WARN_BOOL_CONVERSION = YES;
				CLANG_WARN_CONSTANT_CONVERSION = YES;
				CLANG_WARN_DIRECT_OBJC_ISA_USAGE = YES_ERROR;
				CLANG_WARN_EMPTY_BODY = YES;
				CLANG_WARN_ENUM_CONVERSION = YES;
				CLANG_WARN_INT_CONVERSION = YES;
				CLANG_WARN_OBJC_ROOT_CLASS = YES_ERROR;
				CLANG_WARN_UNREACHABLE_CODE = YES;
				CLANG_WARN__DUPLICATE_METHOD_MATCH = YES;
				"CODE_SIGN_IDENTITY[sdk=iphoneos*]" = "iPhone Developer";
				COPY_PHASE_STRIP = NO;
				ENABLE_STRICT_OBJC_MSGSEND = YES;
				GCC_C_LANGUAGE_STANDARD = gnu99;
				GCC_DYNAMIC_NO_PIC = NO;
				GCC_OPTIMIZATION_LEVEL = 0;
				GCC_PREPROCESSOR_DEFINITIONS = (
					"DEBUG=1",
					"$(inherited)",
				);
				GCC_SYMBOLS_PRIVATE_EXTERN = NO;
				GCC_WARN_64_TO_32_BIT_CONVERSION = YES;
				GCC_WARN_ABOUT_RETURN_TYPE = YES_ERROR;
				GCC_WARN_UNDECLARED_SELECTOR = YES;
				GCC_WARN_UNINITIALIZED_AUTOS = YES_AGGRESSIVE;
				GCC_WARN_UNUSED_FUNCTION = YES;
				GCC_WARN_UNUSED_VARIABLE = YES;
				IPHONEOS_DEPLOYMENT_TARGET = 8.1;
				MTL_ENABLE_DEBUG_INFO = YES;
				ONLY_ACTIVE_ARCH = YES;
				SDKROOT = iphoneos;
				SWIFT_OPTIMIZATION_LEVEL = "-Onone";
				TARGETED_DEVICE_FAMILY = "1,2";
			};
			name = Debug;
		};
		6C97E9AB1A6CD3CD006C6F29 /* Release */ = {
			isa = XCBuildConfiguration;
			buildSettings = {
				ALWAYS_SEARCH_USER_PATHS = NO;
				CLANG_CXX_LANGUAGE_STANDARD = "gnu++0x";
				CLANG_CXX_LIBRARY = "libc++";
				CLANG_ENABLE_MODULES = YES;
				CLANG_ENABLE_OBJC_ARC = YES;
				CLANG_WARN_BOOL_CONVERSION = YES;
				CLANG_WARN_CONSTANT_CONVERSION = YES;
				CLANG_WARN_DIRECT_OBJC_ISA_USAGE = YES_ERROR;
				CLANG_WARN_EMPTY_BODY = YES;
				CLANG_WARN_ENUM_CONVERSION = YES;
				CLANG_WARN_INT_CONVERSION = YES;
				CLANG_WARN_OBJC_ROOT_CLASS = YES_ERROR;
				CLANG_WARN_UNREACHABLE_CODE = YES;
				CLANG_WARN__DUPLICATE_METHOD_MATCH = YES;
				"CODE_SIGN_IDENTITY[sdk=iphoneos*]" = "iPhone Developer";
				COPY_PHASE_STRIP = YES;
				ENABLE_NS_ASSERTIONS = NO;
				ENABLE_STRICT_OBJC_MSGSEND = YES;
				GCC_C_LANGUAGE_STANDARD = gnu99;
				GCC_WARN_64_TO_32_BIT_CONVERSION = YES;
				GCC_WARN_ABOUT_RETURN_TYPE = YES_ERROR;
				GCC_WARN_UNDECLARED_SELECTOR = YES;
				GCC_WARN_UNINITIALIZED_AUTOS = YES_AGGRESSIVE;
				GCC_WARN_UNUSED_FUNCTION = YES;
				GCC_WARN_UNUSED_VARIABLE = YES;
				IPHONEOS_DEPLOYMENT_TARGET = 8.1;
				MTL_ENABLE_DEBUG_INFO = NO;
				SDKROOT = iphoneos;
				TARGETED_DEVICE_FAMILY = "1,2";
				VALIDATE_PRODUCT = YES;
			};
			name = Release;
		};
		6C97E9AD1A6CD3CD006C6F29 /* Debug */ = {
			isa = XCBuildConfiguration;
			buildSettings = {
				ASSETCATALOG_COMPILER_APPICON_NAME = AppIcon;
				INFOPLIST_FILE = iCDFI/Info.plist;
				LD_RUNPATH_SEARCH_PATHS = "$(inherited) @executable_path/Frameworks";
				PRODUCT_NAME = "$(TARGET_NAME)";
			};
			name = Debug;
		};
		6C97E9AE1A6CD3CD006C6F29 /* Release */ = {
			isa = XCBuildConfiguration;
			buildSettings = {
				ASSETCATALOG_COMPILER_APPICON_NAME = AppIcon;
				INFOPLIST_FILE = iCDFI/Info.plist;
				LD_RUNPATH_SEARCH_PATHS = "$(inherited) @executable_path/Frameworks";
				PRODUCT_NAME = "$(TARGET_NAME)";
			};
			name = Release;
		};
		6C97E9B01A6CD3CD006C6F29 /* Debug */ = {
			isa = XCBuildConfiguration;
			buildSettings = {
				BUNDLE_LOADER = "$(TEST_HOST)";
				FRAMEWORK_SEARCH_PATHS = (
					"$(SDKROOT)/Developer/Library/Frameworks",
					"$(inherited)",
				);
				GCC_PREPROCESSOR_DEFINITIONS = (
					"DEBUG=1",
					"$(inherited)",
				);
				INFOPLIST_FILE = iCDFITests/Info.plist;
				LD_RUNPATH_SEARCH_PATHS = "$(inherited) @executable_path/Frameworks @loader_path/Frameworks";
				PRODUCT_NAME = "$(TARGET_NAME)";
				TEST_HOST = "$(BUILT_PRODUCTS_DIR)/iCDFI.app/iCDFI";
			};
			name = Debug;
		};
		6C97E9B11A6CD3CD006C6F29 /* Release */ = {
			isa = XCBuildConfiguration;
			buildSettings = {
				BUNDLE_LOADER = "$(TEST_HOST)";
				FRAMEWORK_SEARCH_PATHS = (
					"$(SDKROOT)/Developer/Library/Frameworks",
					"$(inherited)",
				);
				INFOPLIST_FILE = iCDFITests/Info.plist;
				LD_RUNPATH_SEARCH_PATHS = "$(inherited) @executable_path/Frameworks @loader_path/Frameworks";
				PRODUCT_NAME = "$(TARGET_NAME)";
				TEST_HOST = "$(BUILT_PRODUCTS_DIR)/iCDFI.app/iCDFI";
			};
			name = Release;
		};
/* End XCBuildConfiguration section */

/* Begin XCConfigurationList section */
		6C97E9851A6CD3CD006C6F29 /* Build configuration list for PBXProject "iCDFI" */ = {
			isa = XCConfigurationList;
			buildConfigurations = (
				6C97E9AA1A6CD3CD006C6F29 /* Debug */,
				6C97E9AB1A6CD3CD006C6F29 /* Release */,
			);
			defaultConfigurationIsVisible = 0;
			defaultConfigurationName = Release;
		};
		6C97E9AC1A6CD3CD006C6F29 /* Build configuration list for PBXNativeTarget "iCDFI" */ = {
			isa = XCConfigurationList;
			buildConfigurations = (
				6C97E9AD1A6CD3CD006C6F29 /* Debug */,
				6C97E9AE1A6CD3CD006C6F29 /* Release */,
			);
			defaultConfigurationIsVisible = 0;
		};
		6C97E9AF1A6CD3CD006C6F29 /* Build configuration list for PBXNativeTarget "iCDFITests" */ = {
			isa = XCConfigurationList;
			buildConfigurations = (
				6C97E9B01A6CD3CD006C6F29 /* Debug */,
				6C97E9B11A6CD3CD006C6F29 /* Release */,
			);
			defaultConfigurationIsVisible = 0;
		};
/* End XCConfigurationList section */

/* Begin XCVersionGroup section */
		6C97E9911A6CD3CD006C6F29 /* iCDFI.xcdatamodeld */ = {
			isa = XCVersionGroup;
			children = (
				6C97E9921A6CD3CD006C6F29 /* iCDFI.xcdatamodel */,
			);
			currentVersion = 6C97E9921A6CD3CD006C6F29 /* iCDFI.xcdatamodel */;
			path = iCDFI.xcdatamodeld;
			sourceTree = "<group>";
			versionGroupType = wrapper.xcdatamodel;
		};
/* End XCVersionGroup section */
	};
	rootObject = 6C97E9821A6CD3CD006C6F29 /* Project object */;
}
